lockfileVersion: '9.0'

settings:
  autoInstallPeers: true
  excludeLinksFromLockfile: false

importers:

  .:
    dependencies:
      '@threlte/core':
        specifier: ^8.0.1
        version: 8.0.1(svelte@5.20.0)(three@0.173.0)
      '@threlte/extras':
        specifier: ^9.0.1
        version: 9.0.1(@types/three@0.173.0)(svelte@5.20.0)(three@0.173.0)
      '@types/three':
        specifier: ^0.173.0
        version: 0.173.0
      three:
        specifier: ^0.173.0
        version: 0.173.0
    devDependencies:
      '@sveltejs/vite-plugin-svelte':
        specifier: ^5.0.3
        version: 5.0.3(svelte@5.20.0)(vite@6.1.0)
      svelte:
        specifier: ^5.19.6
        version: 5.20.0
      vite:
        specifier: ^6.1.0
        version: 6.1.0
      vite-plugin-singlefile:
        specifier: ^2.1.0
        version: 2.1.0(rollup@4.34.7)(vite@6.1.0)

packages:

  '@ampproject/remapping@2.3.0':
    resolution: {integrity: sha512-30iZtAPgz+LTIYoeivqYo853f02jBYSd5uGnGpkFV0M3xOt9aN73erkgYAmZU43x4VfqcnLxW9Kpg3R5LC4YYw==}
    engines: {node: '>=6.0.0'}

  '@esbuild/aix-ppc64@0.24.2':
    resolution: {integrity: sha512-thpVCb/rhxE/BnMLQ7GReQLLN8q9qbHmI55F4489/ByVg2aQaQ6kbcLb6FHkocZzQhxc4gx0sCk0tJkKBFzDhA==}
    engines: {node: '>=18'}
    cpu: [ppc64]
    os: [aix]

  '@esbuild/android-arm64@0.24.2':
    resolution: {integrity: sha512-cNLgeqCqV8WxfcTIOeL4OAtSmL8JjcN6m09XIgro1Wi7cF4t/THaWEa7eL5CMoMBdjoHOTh/vwTO/o2TRXIyzg==}
    engines: {node: '>=18'}
    cpu: [arm64]
    os: [android]

  '@esbuild/android-arm@0.24.2':
    resolution: {integrity: sha512-tmwl4hJkCfNHwFB3nBa8z1Uy3ypZpxqxfTQOcHX+xRByyYgunVbZ9MzUUfb0RxaHIMnbHagwAxuTL+tnNM+1/Q==}
    engines: {node: '>=18'}
    cpu: [arm]
    os: [android]

  '@esbuild/android-x64@0.24.2':
    resolution: {integrity: sha512-B6Q0YQDqMx9D7rvIcsXfmJfvUYLoP722bgfBlO5cGvNVb5V/+Y7nhBE3mHV9OpxBf4eAS2S68KZztiPaWq4XYw==}
    engines: {node: '>=18'}
    cpu: [x64]
    os: [android]

  '@esbuild/darwin-arm64@0.24.2':
    resolution: {integrity: sha512-kj3AnYWc+CekmZnS5IPu9D+HWtUI49hbnyqk0FLEJDbzCIQt7hg7ucF1SQAilhtYpIujfaHr6O0UHlzzSPdOeA==}
    engines: {node: '>=18'}
    cpu: [arm64]
    os: [darwin]

  '@esbuild/darwin-x64@0.24.2':
    resolution: {integrity: sha512-WeSrmwwHaPkNR5H3yYfowhZcbriGqooyu3zI/3GGpF8AyUdsrrP0X6KumITGA9WOyiJavnGZUwPGvxvwfWPHIA==}
    engines: {node: '>=18'}
    cpu: [x64]
    os: [darwin]

  '@esbuild/freebsd-arm64@0.24.2':
    resolution: {integrity: sha512-UN8HXjtJ0k/Mj6a9+5u6+2eZ2ERD7Edt1Q9IZiB5UZAIdPnVKDoG7mdTVGhHJIeEml60JteamR3qhsr1r8gXvg==}
    engines: {node: '>=18'}
    cpu: [arm64]
    os: [freebsd]

  '@esbuild/freebsd-x64@0.24.2':
    resolution: {integrity: sha512-TvW7wE/89PYW+IevEJXZ5sF6gJRDY/14hyIGFXdIucxCsbRmLUcjseQu1SyTko+2idmCw94TgyaEZi9HUSOe3Q==}
    engines: {node: '>=18'}
    cpu: [x64]
    os: [freebsd]

  '@esbuild/linux-arm64@0.24.2':
    resolution: {integrity: sha512-7HnAD6074BW43YvvUmE/35Id9/NB7BeX5EoNkK9obndmZBUk8xmJJeU7DwmUeN7tkysslb2eSl6CTrYz6oEMQg==}
    engines: {node: '>=18'}
    cpu: [arm64]
    os: [linux]

  '@esbuild/linux-arm@0.24.2':
    resolution: {integrity: sha512-n0WRM/gWIdU29J57hJyUdIsk0WarGd6To0s+Y+LwvlC55wt+GT/OgkwoXCXvIue1i1sSNWblHEig00GBWiJgfA==}
    engines: {node: '>=18'}
    cpu: [arm]
    os: [linux]

  '@esbuild/linux-ia32@0.24.2':
    resolution: {integrity: sha512-sfv0tGPQhcZOgTKO3oBE9xpHuUqguHvSo4jl+wjnKwFpapx+vUDcawbwPNuBIAYdRAvIDBfZVvXprIj3HA+Ugw==}
    engines: {node: '>=18'}
    cpu: [ia32]
    os: [linux]

  '@esbuild/linux-loong64@0.24.2':
    resolution: {integrity: sha512-CN9AZr8kEndGooS35ntToZLTQLHEjtVB5n7dl8ZcTZMonJ7CCfStrYhrzF97eAecqVbVJ7APOEe18RPI4KLhwQ==}
    engines: {node: '>=18'}
    cpu: [loong64]
    os: [linux]

  '@esbuild/linux-mips64el@0.24.2':
    resolution: {integrity: sha512-iMkk7qr/wl3exJATwkISxI7kTcmHKE+BlymIAbHO8xanq/TjHaaVThFF6ipWzPHryoFsesNQJPE/3wFJw4+huw==}
    engines: {node: '>=18'}
    cpu: [mips64el]
    os: [linux]

  '@esbuild/linux-ppc64@0.24.2':
    resolution: {integrity: sha512-shsVrgCZ57Vr2L8mm39kO5PPIb+843FStGt7sGGoqiiWYconSxwTiuswC1VJZLCjNiMLAMh34jg4VSEQb+iEbw==}
    engines: {node: '>=18'}
    cpu: [ppc64]
    os: [linux]

  '@esbuild/linux-riscv64@0.24.2':
    resolution: {integrity: sha512-4eSFWnU9Hhd68fW16GD0TINewo1L6dRrB+oLNNbYyMUAeOD2yCK5KXGK1GH4qD/kT+bTEXjsyTCiJGHPZ3eM9Q==}
    engines: {node: '>=18'}
    cpu: [riscv64]
    os: [linux]

  '@esbuild/linux-s390x@0.24.2':
    resolution: {integrity: sha512-S0Bh0A53b0YHL2XEXC20bHLuGMOhFDO6GN4b3YjRLK//Ep3ql3erpNcPlEFed93hsQAjAQDNsvcK+hV90FubSw==}
    engines: {node: '>=18'}
    cpu: [s390x]
    os: [linux]

  '@esbuild/linux-x64@0.24.2':
    resolution: {integrity: sha512-8Qi4nQcCTbLnK9WoMjdC9NiTG6/E38RNICU6sUNqK0QFxCYgoARqVqxdFmWkdonVsvGqWhmm7MO0jyTqLqwj0Q==}
    engines: {node: '>=18'}
    cpu: [x64]
    os: [linux]

  '@esbuild/netbsd-arm64@0.24.2':
    resolution: {integrity: sha512-wuLK/VztRRpMt9zyHSazyCVdCXlpHkKm34WUyinD2lzK07FAHTq0KQvZZlXikNWkDGoT6x3TD51jKQ7gMVpopw==}
    engines: {node: '>=18'}
    cpu: [arm64]
    os: [netbsd]

  '@esbuild/netbsd-x64@0.24.2':
    resolution: {integrity: sha512-VefFaQUc4FMmJuAxmIHgUmfNiLXY438XrL4GDNV1Y1H/RW3qow68xTwjZKfj/+Plp9NANmzbH5R40Meudu8mmw==}
    engines: {node: '>=18'}
    cpu: [x64]
    os: [netbsd]

  '@esbuild/openbsd-arm64@0.24.2':
    resolution: {integrity: sha512-YQbi46SBct6iKnszhSvdluqDmxCJA+Pu280Av9WICNwQmMxV7nLRHZfjQzwbPs3jeWnuAhE9Jy0NrnJ12Oz+0A==}
    engines: {node: '>=18'}
    cpu: [arm64]
    os: [openbsd]

  '@esbuild/openbsd-x64@0.24.2':
    resolution: {integrity: sha512-+iDS6zpNM6EnJyWv0bMGLWSWeXGN/HTaF/LXHXHwejGsVi+ooqDfMCCTerNFxEkM3wYVcExkeGXNqshc9iMaOA==}
    engines: {node: '>=18'}
    cpu: [x64]
    os: [openbsd]

  '@esbuild/sunos-x64@0.24.2':
    resolution: {integrity: sha512-hTdsW27jcktEvpwNHJU4ZwWFGkz2zRJUz8pvddmXPtXDzVKTTINmlmga3ZzwcuMpUvLw7JkLy9QLKyGpD2Yxig==}
    engines: {node: '>=18'}
    cpu: [x64]
    os: [sunos]

  '@esbuild/win32-arm64@0.24.2':
    resolution: {integrity: sha512-LihEQ2BBKVFLOC9ZItT9iFprsE9tqjDjnbulhHoFxYQtQfai7qfluVODIYxt1PgdoyQkz23+01rzwNwYfutxUQ==}
    engines: {node: '>=18'}
    cpu: [arm64]
    os: [win32]

  '@esbuild/win32-ia32@0.24.2':
    resolution: {integrity: sha512-q+iGUwfs8tncmFC9pcnD5IvRHAzmbwQ3GPS5/ceCyHdjXubwQWI12MKWSNSMYLJMq23/IUCvJMS76PDqXe1fxA==}
    engines: {node: '>=18'}
    cpu: [ia32]
    os: [win32]

  '@esbuild/win32-x64@0.24.2':
    resolution: {integrity: sha512-7VTgWzgMGvup6aSqDPLiW5zHaxYJGTO4OokMjIlrCtf+VpEL+cXKtCvg723iguPYI5oaUNdS+/V7OU2gvXVWEg==}
    engines: {node: '>=18'}
    cpu: [x64]
    os: [win32]

  '@jridgewell/gen-mapping@0.3.8':
    resolution: {integrity: sha512-imAbBGkb+ebQyxKgzv5Hu2nmROxoDOXHh80evxdoXNOrvAnVx7zimzc1Oo5h9RlfV4vPXaE2iM5pOFbvOCClWA==}
    engines: {node: '>=6.0.0'}

  '@jridgewell/resolve-uri@3.1.2':
    resolution: {integrity: sha512-bRISgCIjP20/tbWSPWMEi54QVPRZExkuD9lJL+UIxUKtwVJA8wW1Trb1jMs1RFXo1CBTNZ/5hpC9QvmKWdopKw==}
    engines: {node: '>=6.0.0'}

  '@jridgewell/set-array@1.2.1':
    resolution: {integrity: sha512-R8gLRTZeyp03ymzP/6Lil/28tGeGEzhx1q2k703KGWRAI1VdvPIXdG70VJc2pAMw3NA6JKL5hhFu1sJX0Mnn/A==}
    engines: {node: '>=6.0.0'}

  '@jridgewell/sourcemap-codec@1.5.0':
    resolution: {integrity: sha512-gv3ZRaISU3fjPAgNsriBRqGWQL6quFx04YMPW/zD8XMLsU32mhCCbfbO6KZFLjvYpCZ8zyDEgqsgf+PwPaM7GQ==}

  '@jridgewell/trace-mapping@0.3.25':
    resolution: {integrity: sha512-vNk6aEwybGtawWmy/PzwnGDOjCkLWSD2wqvjGGAgOAwCGWySYXfYoxt00IJkTF+8Lb57DwOb3Aa0o9CApepiYQ==}

  '@rollup/rollup-android-arm-eabi@4.34.7':
    resolution: {integrity: sha512-l6CtzHYo8D2TQ3J7qJNpp3Q1Iye56ssIAtqbM2H8axxCEEwvN7o8Ze9PuIapbxFL3OHrJU2JBX6FIIVnP/rYyw==}
    cpu: [arm]
    os: [android]

  '@rollup/rollup-android-arm64@4.34.7':
    resolution: {integrity: sha512-KvyJpFUueUnSp53zhAa293QBYqwm94TgYTIfXyOTtidhm5V0LbLCJQRGkQClYiX3FXDQGSvPxOTD/6rPStMMDg==}
    cpu: [arm64]
    os: [android]

  '@rollup/rollup-darwin-arm64@4.34.7':
    resolution: {integrity: sha512-jq87CjmgL9YIKvs8ybtIC98s/M3HdbqXhllcy9EdLV0yMg1DpxES2gr65nNy7ObNo/vZ/MrOTxt0bE5LinL6mA==}
    cpu: [arm64]
    os: [darwin]

  '@rollup/rollup-darwin-x64@4.34.7':
    resolution: {integrity: sha512-rSI/m8OxBjsdnMMg0WEetu/w+LhLAcCDEiL66lmMX4R3oaml3eXz3Dxfvrxs1FbzPbJMaItQiksyMfv1hoIxnA==}
    cpu: [x64]
    os: [darwin]

  '@rollup/rollup-freebsd-arm64@4.34.7':
    resolution: {integrity: sha512-oIoJRy3ZrdsXpFuWDtzsOOa/E/RbRWXVokpVrNnkS7npz8GEG++E1gYbzhYxhxHbO2om1T26BZjVmdIoyN2WtA==}
    cpu: [arm64]
    os: [freebsd]

  '@rollup/rollup-freebsd-x64@4.34.7':
    resolution: {integrity: sha512-X++QSLm4NZfZ3VXGVwyHdRf58IBbCu9ammgJxuWZYLX0du6kZvdNqPwrjvDfwmi6wFdvfZ/s6K7ia0E5kI7m8Q==}
    cpu: [x64]
    os: [freebsd]

  '@rollup/rollup-linux-arm-gnueabihf@4.34.7':
    resolution: {integrity: sha512-Z0TzhrsNqukTz3ISzrvyshQpFnFRfLunYiXxlCRvcrb3nvC5rVKI+ZXPFG/Aa4jhQa1gHgH3A0exHaRRN4VmdQ==}
    cpu: [arm]
    os: [linux]

  '@rollup/rollup-linux-arm-musleabihf@4.34.7':
    resolution: {integrity: sha512-nkznpyXekFAbvFBKBy4nNppSgneB1wwG1yx/hujN3wRnhnkrYVugMTCBXED4+Ni6thoWfQuHNYbFjgGH0MBXtw==}
    cpu: [arm]
    os: [linux]

  '@rollup/rollup-linux-arm64-gnu@4.34.7':
    resolution: {integrity: sha512-KCjlUkcKs6PjOcxolqrXglBDcfCuUCTVlX5BgzgoJHw+1rWH1MCkETLkLe5iLLS9dP5gKC7mp3y6x8c1oGBUtA==}
    cpu: [arm64]
    os: [linux]

  '@rollup/rollup-linux-arm64-musl@4.34.7':
    resolution: {integrity: sha512-uFLJFz6+utmpbR313TTx+NpPuAXbPz4BhTQzgaP0tozlLnGnQ6rCo6tLwaSa6b7l6gRErjLicXQ1iPiXzYotjw==}
    cpu: [arm64]
    os: [linux]

  '@rollup/rollup-linux-loongarch64-gnu@4.34.7':
    resolution: {integrity: sha512-ws8pc68UcJJqCpneDFepnwlsMUFoWvPbWXT/XUrJ7rWUL9vLoIN3GAasgG+nCvq8xrE3pIrd+qLX/jotcLy0Qw==}
    cpu: [loong64]
    os: [linux]

  '@rollup/rollup-linux-powerpc64le-gnu@4.34.7':
    resolution: {integrity: sha512-vrDk9JDa/BFkxcS2PbWpr0C/LiiSLxFbNOBgfbW6P8TBe9PPHx9Wqbvx2xgNi1TOAyQHQJ7RZFqBiEohm79r0w==}
    cpu: [ppc64]
    os: [linux]

  '@rollup/rollup-linux-riscv64-gnu@4.34.7':
    resolution: {integrity: sha512-rB+ejFyjtmSo+g/a4eovDD1lHWHVqizN8P0Hm0RElkINpS0XOdpaXloqM4FBkF9ZWEzg6bezymbpLmeMldfLTw==}
    cpu: [riscv64]
    os: [linux]

  '@rollup/rollup-linux-s390x-gnu@4.34.7':
    resolution: {integrity: sha512-nNXNjo4As6dNqRn7OrsnHzwTgtypfRA3u3AKr0B3sOOo+HkedIbn8ZtFnB+4XyKJojIfqDKmbIzO1QydQ8c+Pw==}
    cpu: [s390x]
    os: [linux]

  '@rollup/rollup-linux-x64-gnu@4.34.7':
    resolution: {integrity: sha512-9kPVf9ahnpOMSGlCxXGv980wXD0zRR3wyk8+33/MXQIpQEOpaNe7dEHm5LMfyRZRNt9lMEQuH0jUKj15MkM7QA==}
    cpu: [x64]
    os: [linux]

  '@rollup/rollup-linux-x64-musl@4.34.7':
    resolution: {integrity: sha512-7wJPXRWTTPtTFDFezA8sle/1sdgxDjuMoRXEKtx97ViRxGGkVQYovem+Q8Pr/2HxiHp74SSRG+o6R0Yq0shPwQ==}
    cpu: [x64]
    os: [linux]

  '@rollup/rollup-win32-arm64-msvc@4.34.7':
    resolution: {integrity: sha512-MN7aaBC7mAjsiMEZcsJvwNsQVNZShgES/9SzWp1HC9Yjqb5OpexYnRjF7RmE4itbeesHMYYQiAtUAQaSKs2Rfw==}
    cpu: [arm64]
    os: [win32]

  '@rollup/rollup-win32-ia32-msvc@4.34.7':
    resolution: {integrity: sha512-aeawEKYswsFu1LhDM9RIgToobquzdtSc4jSVqHV8uApz4FVvhFl/mKh92wc8WpFc6aYCothV/03UjY6y7yLgbg==}
    cpu: [ia32]
    os: [win32]

  '@rollup/rollup-win32-x64-msvc@4.34.7':
    resolution: {integrity: sha512-4ZedScpxxIrVO7otcZ8kCX1mZArtH2Wfj3uFCxRJ9NO80gg1XV0U/b2f/MKaGwj2X3QopHfoWiDQ917FRpwY3w==}
    cpu: [x64]
    os: [win32]

  '@sveltejs/vite-plugin-svelte-inspector@4.0.1':
    resolution: {integrity: sha512-J/Nmb2Q2y7mck2hyCX4ckVHcR5tu2J+MtBEQqpDrrgELZ2uvraQcK/ioCV61AqkdXFgriksOKIceDcQmqnGhVw==}
    engines: {node: ^18.0.0 || ^20.0.0 || >=22}
    peerDependencies:
      '@sveltejs/vite-plugin-svelte': ^5.0.0
      svelte: ^5.0.0
      vite: ^6.0.0

  '@sveltejs/vite-plugin-svelte@5.0.3':
    resolution: {integrity: sha512-MCFS6CrQDu1yGwspm4qtli0e63vaPCehf6V7pIMP15AsWgMKrqDGCPFF/0kn4SP0ii4aySu4Pa62+fIRGFMjgw==}
    engines: {node: ^18.0.0 || ^20.0.0 || >=22}
    peerDependencies:
      svelte: ^5.0.0
      vite: ^6.0.0

  '@threejs-kit/instanced-sprite-mesh@2.5.0':
    resolution: {integrity: sha512-W4cRK7f1o15GtacvLi8h1022ySiMM5218eZJQYWHbVGKqpRezmj8hscdzgp4JFSCkRoAIdyIdLZg5U0Mtmcu/w==}
    peerDependencies:
      three: '>=0.170.0'

  '@threlte/core@8.0.1':
    resolution: {integrity: sha512-vy1xRQppJFNmfPTeiRQue+KmYFsbPgVhwuYXRTvVrwPeD2oYz43gxUeOpe1FACeGKxrxZykeKJF5ebVvl7gBxw==}
    peerDependencies:
      svelte: '>=5'
      three: '>=0.155'

  '@threlte/extras@9.0.1':
    resolution: {integrity: sha512-xI0s5a/9NdBbUSaYCnTHfnVl44kZQUTuTPfzwv4gmMM2r2HewM5QsMDBBwBTcuVcYqkM9aUKl+5MWa20LnH/mg==}
    peerDependencies:
      svelte: '>=5'
      three: '>=0.155'

  '@tweenjs/tween.js@23.1.3':
    resolution: {integrity: sha512-vJmvvwFxYuGnF2axRtPYocag6Clbb5YS7kLL+SO/TeVFzHqDIWrNKYtcsPMibjDx9O+bu+psAy9NKfWklassUA==}

  '@types/estree@1.0.6':
    resolution: {integrity: sha512-AYnb1nQyY49te+VRAVgmzfcgjYS91mY5P0TKUDCLEM+gNnA+3T6rWITXRLYCpahpqSQbN5cE+gHpnPyXjHWxcw==}

  '@types/stats.js@0.17.3':
    resolution: {integrity: sha512-pXNfAD3KHOdif9EQXZ9deK82HVNaXP5ZIF5RP2QG6OQFNTaY2YIetfrE9t528vEreGQvEPRDDc8muaoYeK0SxQ==}

  '@types/three@0.173.0':
    resolution: {integrity: sha512-KtNjfI/CRB6JVKIVeZM1R3GYDX2wkoV2itNcQu2j4d7qkhjGOuB+s2oF6jl9mztycDLGMtrAnJQYxInC8Bb20A==}

  '@types/webxr@0.5.21':
    resolution: {integrity: sha512-geZIAtLzjGmgY2JUi6VxXdCrTb99A7yP49lxLr2Nm/uIK0PkkxcEi4OGhoGDO4pxCf3JwGz2GiJL2Ej4K2bKaA==}

  '@webgpu/types@0.1.54':
    resolution: {integrity: sha512-81oaalC8LFrXjhsczomEQ0u3jG+TqE6V9QHLA8GNZq/Rnot0KDugu3LhSYSlie8tSdooAN1Hov05asrUUp9qgg==}

  acorn-typescript@1.4.13:
    resolution: {integrity: sha512-xsc9Xv0xlVfwp2o7sQ+GCQ1PgbkdcpWdTzrwXxO3xDMTAywVS3oXVOcOHuRjAPkS4P9b+yc/qNF15460v+jp4Q==}
    peerDependencies:
      acorn: '>=8.9.0'

  acorn@8.14.0:
    resolution: {integrity: sha512-cl669nCJTZBsL97OF4kUQm5g5hC2uihk0NxY3WENAC0TYdILVkAyHymAntgxGkl7K+t0cXIrH5siy5S4XkFycA==}
    engines: {node: '>=0.4.0'}
    hasBin: true

  aria-query@5.3.2:
    resolution: {integrity: sha512-COROpnaoap1E2F000S62r6A60uHZnmlvomhfyT2DlTcrY1OrBKn2UhH7qn5wTC9zMvD0AY7csdPSNwKP+7WiQw==}
    engines: {node: '>= 0.4'}

  axobject-query@4.1.0:
    resolution: {integrity: sha512-qIj0G9wZbMGNLjLmg1PT6v2mE9AH2zlnADJD/2tC6E00hgmhUOfEB6greHPAfLRSufHqROIUTkw6E+M3lH0PTQ==}
    engines: {node: '>= 0.4'}

  bidi-js@1.0.3:
    resolution: {integrity: sha512-RKshQI1R3YQ+n9YJz2QQ147P66ELpa1FQEg20Dk8oW9t2KgLbpDLLp9aGZ7y8WHSshDknG0bknqGw5/tyCs5tw==}

  braces@3.0.3:
    resolution: {integrity: sha512-yQbXgO/OSZVD2IsiLlro+7Hf6Q18EJrKSEsdoMzKePKXct3gvD8oLcOQdIzGupr5Fj+EDe8gO/lxc1BzfMpxvA==}
    engines: {node: '>=8'}

  camera-controls@2.10.0:
    resolution: {integrity: sha512-vBQ5Daxv4KRsn07U/VqkPxoqD8U+S++0oq5NLf4HevMuh/BDta3rg49e/P564AMzFPBePQeXDKOkiIezRgyDwg==}
    peerDependencies:
      three: '>=0.126.1'

  clsx@2.1.1:
    resolution: {integrity: sha512-eYm0QWBtUrBWZWG0d386OGAw16Z995PiOVo2B7bjWSbHedGl5e0ZWaq65kOGgUSNesEIDkB9ISbTg/JK9dhCZA==}
    engines: {node: '>=6'}

  debug@4.4.0:
    resolution: {integrity: sha512-6WTZ/IxCY/T6BALoZHaE4ctp9xm+Z5kY/pzYaCHRFeyVhojxlrm+46y68HA6hr0TcwEssoxNiDEUJQjfPZ/RYA==}
    engines: {node: '>=6.0'}
    peerDependencies:
      supports-color: '*'
    peerDependenciesMeta:
      supports-color:
        optional: true

  deepmerge@4.3.1:
    resolution: {integrity: sha512-3sUqbMEc77XqpdNO7FRyRog+eW3ph+GYCbj+rK+uYyRMuwsVy0rMiVtPn+QJlKFvWP/1PYpapqYn0Me2knFn+A==}
    engines: {node: '>=0.10.0'}

  diet-sprite@0.0.1:
    resolution: {integrity: sha512-zSHI2WDAn1wJqJYxcmjWfJv3Iw8oL9reQIbEyx2x2/EZ4/qmUTIo8/5qOCurnAcq61EwtJJaZ0XTy2NRYqpB5A==}

  earcut@2.2.4:
    resolution: {integrity: sha512-/pjZsA1b4RPHbeWZQn66SWS8nZZWLQQ23oE3Eam7aroEFGEvwKAsJfZ9ytiEMycfzXWpca4FA9QIOehf7PocBQ==}

  esbuild@0.24.2:
    resolution: {integrity: sha512-+9egpBW8I3CD5XPe0n6BfT5fxLzxrlDzqydF3aviG+9ni1lDC/OvMHcxqEFV0+LANZG5R1bFMWfUrjVsdwxJvA==}
    engines: {node: '>=18'}
    hasBin: true

  esm-env@1.2.2:
    resolution: {integrity: sha512-Epxrv+Nr/CaL4ZcFGPJIYLWFom+YeV1DqMLHJoEd9SYRxNbaFruBwfEX/kkHUJf55j2+TUbmDcmuilbP1TmXHA==}

  esrap@1.4.4:
    resolution: {integrity: sha512-tDN6xP/r/b3WmdpWm7LybrD252hY52IokcycPnO+WHfhFF0+n5AWtcLLK7VNV6m0uYgVRhGVs8OkZwRyfC7HzQ==}

  fflate@0.8.2:
    resolution: {integrity: sha512-cPJU47OaAoCbg0pBvzsgpTPhmhqI5eJjh/JIu8tPj5q+T7iLvW/JAYUqmE7KOB4R1ZyEhzBaIQpQpardBF5z8A==}

  fill-range@7.1.1:
    resolution: {integrity: sha512-YsGpe3WHLK8ZYi4tWDg2Jy3ebRz2rXowDxnld4bkQB00cc/1Zw9AWnC0i9ztDJitivtQvaI9KaLyKrc+hBW0yg==}
    engines: {node: '>=8'}

  fsevents@2.3.3:
    resolution: {integrity: sha512-5xoDfX+fL7faATnagmWPpbFtwh/R77WmMMqqHGS65C3vvB0YHrgF+B1YmZ3441tMj5n63k0212XNoJwzlhffQw==}
    engines: {node: ^8.16.0 || ^10.6.0 || >=11.0.0}
    os: [darwin]

  is-number@7.0.0:
    resolution: {integrity: sha512-41Cifkg6e8TylSpdtTpeLVMqvSBEVzTttHvERD741+pnZ8ANv0004MRL43QKPDlK9cGvNp6NZWZUBlbGXYxxng==}
    engines: {node: '>=0.12.0'}

  is-reference@3.0.3:
    resolution: {integrity: sha512-ixkJoqQvAP88E6wLydLGGqCJsrFUnqoH6HnaczB8XmDH1oaWU+xxdptvikTgaEhtZ53Ky6YXiBuUI2WXLMCwjw==}

  kleur@4.1.5:
    resolution: {integrity: sha512-o+NO+8WrRiQEE4/7nwRJhN1HWpVmJm511pBHUxPLtp0BUISzlBplORYSmTclCnJvQq2tKu/sgl3xVpkc7ZWuQQ==}
    engines: {node: '>=6'}

  locate-character@3.0.0:
    resolution: {integrity: sha512-SW13ws7BjaeJ6p7Q6CO2nchbYEc3X3J6WrmTTDto7yMPqVSZTUyY5Tjbid+Ab8gLnATtygYtiDIJGQRRn2ZOiA==}

  maath@0.10.8:
    resolution: {integrity: sha512-tRvbDF0Pgqz+9XUa4jjfgAQ8/aPKmQdWXilFu2tMy4GWj4NOsx99HlULO4IeREfbO3a0sA145DZYyvXPkybm0g==}
    peerDependencies:
      '@types/three': '>=0.134.0'
      three: '>=0.134.0'

  magic-string@0.30.17:
    resolution: {integrity: sha512-sNPKHvyjVf7gyjwS4xGTaW/mCnF8wnjtifKBEhxfZ7E/S8tQ0rssrwGNn6q8JH/ohItJfSQp9mBtQYuTlH5QnA==}

  meshoptimizer@0.18.1:
    resolution: {integrity: sha512-ZhoIoL7TNV4s5B6+rx5mC//fw8/POGyNxS/DZyCJeiZ12ScLfVwRE/GfsxwiTkMYYD5DmK2/JXnEVXqL4rF+Sw==}

  micromatch@4.0.8:
    resolution: {integrity: sha512-PXwfBhYu0hBCPw8Dn0E+WDYb7af3dSLVWKi3HGv84IdF4TyFoC0ysxFd0Goxw7nSv4T/PzEJQxsYsEiFCKo2BA==}
    engines: {node: '>=8.6'}

  mitt@3.0.1:
    resolution: {integrity: sha512-vKivATfr97l2/QBCYAkXYDbrIWPM2IIKEl7YPhjCvKlG3kE2gm+uBo6nEXK3M5/Ffh/FLpKExzOQ3JJoJGFKBw==}

  ms@2.1.3:
    resolution: {integrity: sha512-6FlzubTLZG3J2a/NVCAleEhjzq5oxgHyaCU9yYXvcLsvoVaHJq/s5xXI6/XXP6tz7R9xAOtHnSO/tXtF3WRTlA==}

  nanoid@3.3.8:
    resolution: {integrity: sha512-WNLf5Sd8oZxOm+TzppcYk8gVOgP+l58xNy58D0nbUnOxOWRWvlcCV4kUF7ltmI6PsrLl/BgKEyS4mqsGChFN0w==}
    engines: {node: ^10 || ^12 || ^13.7 || ^14 || >=15.0.1}
    hasBin: true

  picocolors@1.1.1:
    resolution: {integrity: sha512-xceH2snhtb5M9liqDsmEw56le376mTZkEX/jEb/RxNFyegNul7eNslCXP9FDj/Lcu0X8KEyMceP2ntpaHrDEVA==}

  picomatch@2.3.1:
    resolution: {integrity: sha512-JU3teHTNjmE2VCGFzuY8EXzCDVwEqB2a8fsIvwaStHhAWJEeVd1o1QD80CU6+ZdEXXSLbSsuLwJjkCBWqRQUVA==}
    engines: {node: '>=8.6'}

  postcss@8.5.2:
    resolution: {integrity: sha512-MjOadfU3Ys9KYoX0AdkBlFEF1Vx37uCCeN4ZHnmwm9FfpbsGWMZeBLMmmpY+6Ocqod7mkdZ0DT31OlbsFrLlkA==}
    engines: {node: ^10 || ^12 || >=14}

  require-from-string@2.0.2:
    resolution: {integrity: sha512-Xf0nWe6RseziFMu+Ap9biiUbmplq6S9/p+7w7YXP/JBHhrUDDUhwa+vANyubuqfZWTveU//DYVGsDG7RKL/vEw==}
    engines: {node: '>=0.10.0'}

  rollup@4.34.7:
    resolution: {integrity: sha512-8qhyN0oZ4x0H6wmBgfKxJtxM7qS98YJ0k0kNh5ECVtuchIJ7z9IVVvzpmtQyT10PXKMtBxYr1wQ5Apg8RS8kXQ==}
    engines: {node: '>=18.0.0', npm: '>=8.0.0'}
    hasBin: true

  source-map-js@1.2.1:
    resolution: {integrity: sha512-UXWMKhLOwVKb728IUtQPXxfYU+usdybtUrK/8uGE8CQMvrhOpwvzDBwj0QhSL7MQc7vIsISBG8VQ8+IDQxpfQA==}
    engines: {node: '>=0.10.0'}

  svelte@5.20.0:
    resolution: {integrity: sha512-04HJfFLaTwTyEKdPm3vYGdaD/8ZAHcd9SEBufq0FZNIrdzJWdM1usVdm4KIlzzDfM5+aMzio6BBhpXPoPGuMjg==}
    engines: {node: '>=18'}

  three-instanced-uniforms-mesh@0.52.0:
    resolution: {integrity: sha512-YuJigan74qBmt2X8XX4DCxGl42GQXQZWSyy8jos1kqjPyzR7IVl9Jk4HvOGEzb5pI7phVcaArImhaW2FZH3zpA==}
    peerDependencies:
      three: '>=0.125.0'

  three-mesh-bvh@0.7.6:
    resolution: {integrity: sha512-rCjsnxEqR9r1/C/lCqzGLS67NDty/S/eT6rAJfDvsanrIctTWdNoR4ZOGWewCB13h1QkVo2BpmC0wakj1+0m8A==}
    peerDependencies:
      three: '>= 0.151.0'

  three-perf@https://codeload.github.com/jerzakm/three-perf/tar.gz/322d7d38a17069f2b6e9734913edad0fc4a29169:
    resolution: {tarball: https://codeload.github.com/jerzakm/three-perf/tar.gz/322d7d38a17069f2b6e9734913edad0fc4a29169}
    version: 1.0.10
    peerDependencies:
      three: '>=0.170'

  three-viewport-gizmo@2.0.2:
    resolution: {integrity: sha512-PtdBqtPZbXoQgxXAla393iPs+ox0HbZVKqA1ym3w4z7Og0Ihevg/odxjEYA9R6xwtIqS5qgsz8RyK3z8lFHtpQ==}
    peerDependencies:
      three: '>=0.162.0 <1.0.0'

  three@0.173.0:
    resolution: {integrity: sha512-AUwVmViIEUgBwxJJ7stnF0NkPpZxx1aZ6WiAbQ/Qq61h6I9UR4grXtZDmO8mnlaNORhHnIBlXJ1uBxILEKuVyw==}

  to-regex-range@5.0.1:
    resolution: {integrity: sha512-65P7iz6X5yEr1cwcgvQxbbIw7Uk3gOy5dIdtZ4rDveLqhrdJP+Li/Hx6tyK0NEb+2GCyneCMJiGqrADCSNk8sQ==}
    engines: {node: '>=8.0'}

  troika-three-text@0.50.3:
    resolution: {integrity: sha512-UzbIrgV3fOFmFbFfWIBcBEXEyQovs+LLu15E5xGpSQbo1oZH49A+J9bul4H8H0xLtaLkRTO+LqEsmkaeDtZQfg==}
    peerDependencies:
      three: '>=0.125.0'

  troika-three-text@0.52.3:
    resolution: {integrity: sha512-jLhiwgV8kEkwWjvK12f2fHVpbOC75p7SgPQ0cgcz+IMtN5Bdyg4EuFdwuTOVu9ga8UeYdKBpzd1AxviyixtYTQ==}
    peerDependencies:
      three: '>=0.125.0'

  troika-three-utils@0.50.3:
    resolution: {integrity: sha512-asQWCESikU58y9cz4OgIjCRlITkDTwf7ds8T9IyWxn7OB2A7XItg2UbHjfexwooTefM+BYbEC4ZKxOUBfbNVLA==}
    peerDependencies:
      three: '>=0.125.0'

  troika-three-utils@0.52.0:
    resolution: {integrity: sha512-00oxqIIehtEKInOTQekgyknBuRUj1POfOUE2q1OmL+Xlpp4gIu+S0oA0schTyXsDS4d9DkR04iqCdD40rF5R6w==}
    peerDependencies:
      three: '>=0.125.0'

  troika-worker-utils@0.50.0:
    resolution: {integrity: sha512-BxNk0w6+d9NYd7El/3RzlzH/F2vovJI1FX9Zb+D7fArVM1EsUXj6+wVwJSrfucy6/HYhfbZPu/lD6Miiw9Byiw==}

  troika-worker-utils@0.52.0:
    resolution: {integrity: sha512-W1CpvTHykaPH5brv5VHLfQo9D1OYuo0cSBEUQFFT/nBUzM8iD6Lq2/tgG/f1OelbAS1WtaTPQzE5uM49egnngw==}

  tweakpane@3.1.10:
    resolution: {integrity: sha512-rqwnl/pUa7+inhI2E9ayGTqqP0EPOOn/wVvSWjZsRbZUItzNShny7pzwL3hVlaN4m9t/aZhsP0aFQ9U5VVR2VQ==}

  vite-plugin-singlefile@2.1.0:
    resolution: {integrity: sha512-7tJo+UgZABlKpY/nubth/wxJ4+pUGREPnEwNOknxwl2MM0zTvF14KTU4Ln1lc140gjLLV5mjDrvuoquU7OZqCg==}
    engines: {node: '>18.0.0'}
    peerDependencies:
      rollup: ^4.28.1
      vite: ^5.4.11 || ^6.0.0

  vite@6.1.0:
    resolution: {integrity: sha512-RjjMipCKVoR4hVfPY6GQTgveinjNuyLw+qruksLDvA5ktI1150VmcMBKmQaEWJhg/j6Uaf6dNCNA0AfdzUb/hQ==}
    engines: {node: ^18.0.0 || ^20.0.0 || >=22.0.0}
    hasBin: true
    peerDependencies:
      '@types/node': ^18.0.0 || ^20.0.0 || >=22.0.0
      jiti: '>=1.21.0'
      less: '*'
      lightningcss: ^1.21.0
      sass: '*'
      sass-embedded: '*'
      stylus: '*'
      sugarss: '*'
      terser: ^5.16.0
      tsx: ^4.8.1
      yaml: ^2.4.2
    peerDependenciesMeta:
      '@types/node':
        optional: true
      jiti:
        optional: true
      less:
        optional: true
      lightningcss:
        optional: true
      sass:
        optional: true
      sass-embedded:
        optional: true
      stylus:
        optional: true
      sugarss:
        optional: true
      terser:
        optional: true
      tsx:
        optional: true
      yaml:
        optional: true

  vitefu@1.0.5:
    resolution: {integrity: sha512-h4Vflt9gxODPFNGPwp4zAMZRpZR7eslzwH2c5hn5kNZ5rhnKyRJ50U+yGCdc2IRaBs8O4haIgLNGrV5CrpMsCA==}
    peerDependencies:
      vite: ^3.0.0 || ^4.0.0 || ^5.0.0 || ^6.0.0
    peerDependenciesMeta:
      vite:
        optional: true

  webgl-sdf-generator@1.1.1:
    resolution: {integrity: sha512-9Z0JcMTFxeE+b2x1LJTdnaT8rT8aEp7MVxkNwoycNmJWwPdzoXzMh0BjJSh/AEFP+KPYZUli814h8bJZFIZ2jA==}

  zimmerframe@1.1.2:
    resolution: {integrity: sha512-rAbqEGa8ovJy4pyBxZM70hg4pE6gDgaQ0Sl9M3enG3I0d6H4XSAM3GeNGLKnsBpuijUow064sf7ww1nutC5/3w==}

snapshots:

  '@ampproject/remapping@2.3.0':
    dependencies:
      '@jridgewell/gen-mapping': 0.3.8
      '@jridgewell/trace-mapping': 0.3.25

  '@esbuild/aix-ppc64@0.24.2':
    optional: true

  '@esbuild/android-arm64@0.24.2':
    optional: true

  '@esbuild/android-arm@0.24.2':
    optional: true

  '@esbuild/android-x64@0.24.2':
    optional: true

  '@esbuild/darwin-arm64@0.24.2':
    optional: true

  '@esbuild/darwin-x64@0.24.2':
    optional: true

  '@esbuild/freebsd-arm64@0.24.2':
    optional: true

  '@esbuild/freebsd-x64@0.24.2':
    optional: true

  '@esbuild/linux-arm64@0.24.2':
    optional: true

  '@esbuild/linux-arm@0.24.2':
    optional: true

  '@esbuild/linux-ia32@0.24.2':
    optional: true

  '@esbuild/linux-loong64@0.24.2':
    optional: true

  '@esbuild/linux-mips64el@0.24.2':
    optional: true

  '@esbuild/linux-ppc64@0.24.2':
    optional: true

  '@esbuild/linux-riscv64@0.24.2':
    optional: true

  '@esbuild/linux-s390x@0.24.2':
    optional: true

  '@esbuild/linux-x64@0.24.2':
    optional: true

  '@esbuild/netbsd-arm64@0.24.2':
    optional: true

  '@esbuild/netbsd-x64@0.24.2':
    optional: true

  '@esbuild/openbsd-arm64@0.24.2':
    optional: true

  '@esbuild/openbsd-x64@0.24.2':
    optional: true

  '@esbuild/sunos-x64@0.24.2':
    optional: true

  '@esbuild/win32-arm64@0.24.2':
    optional: true

  '@esbuild/win32-ia32@0.24.2':
    optional: true

  '@esbuild/win32-x64@0.24.2':
    optional: true

  '@jridgewell/gen-mapping@0.3.8':
    dependencies:
      '@jridgewell/set-array': 1.2.1
      '@jridgewell/sourcemap-codec': 1.5.0
      '@jridgewell/trace-mapping': 0.3.25

  '@jridgewell/resolve-uri@3.1.2': {}

  '@jridgewell/set-array@1.2.1': {}

  '@jridgewell/sourcemap-codec@1.5.0': {}

  '@jridgewell/trace-mapping@0.3.25':
    dependencies:
      '@jridgewell/resolve-uri': 3.1.2
      '@jridgewell/sourcemap-codec': 1.5.0

  '@rollup/rollup-android-arm-eabi@4.34.7':
    optional: true

  '@rollup/rollup-android-arm64@4.34.7':
    optional: true

  '@rollup/rollup-darwin-arm64@4.34.7':
    optional: true

  '@rollup/rollup-darwin-x64@4.34.7':
    optional: true

  '@rollup/rollup-freebsd-arm64@4.34.7':
    optional: true

  '@rollup/rollup-freebsd-x64@4.34.7':
    optional: true

  '@rollup/rollup-linux-arm-gnueabihf@4.34.7':
    optional: true

  '@rollup/rollup-linux-arm-musleabihf@4.34.7':
    optional: true

  '@rollup/rollup-linux-arm64-gnu@4.34.7':
    optional: true

  '@rollup/rollup-linux-arm64-musl@4.34.7':
    optional: true

  '@rollup/rollup-linux-loongarch64-gnu@4.34.7':
    optional: true

  '@rollup/rollup-linux-powerpc64le-gnu@4.34.7':
    optional: true

  '@rollup/rollup-linux-riscv64-gnu@4.34.7':
    optional: true

  '@rollup/rollup-linux-s390x-gnu@4.34.7':
    optional: true

  '@rollup/rollup-linux-x64-gnu@4.34.7':
    optional: true

  '@rollup/rollup-linux-x64-musl@4.34.7':
    optional: true

  '@rollup/rollup-win32-arm64-msvc@4.34.7':
    optional: true

  '@rollup/rollup-win32-ia32-msvc@4.34.7':
    optional: true

  '@rollup/rollup-win32-x64-msvc@4.34.7':
    optional: true

  '@sveltejs/vite-plugin-svelte-inspector@4.0.1(@sveltejs/vite-plugin-svelte@5.0.3(svelte@5.20.0)(vite@6.1.0))(svelte@5.20.0)(vite@6.1.0)':
    dependencies:
      '@sveltejs/vite-plugin-svelte': 5.0.3(svelte@5.20.0)(vite@6.1.0)
      debug: 4.4.0
      svelte: 5.20.0
      vite: 6.1.0
    transitivePeerDependencies:
      - supports-color

  '@sveltejs/vite-plugin-svelte@5.0.3(svelte@5.20.0)(vite@6.1.0)':
    dependencies:
      '@sveltejs/vite-plugin-svelte-inspector': 4.0.1(@sveltejs/vite-plugin-svelte@5.0.3(svelte@5.20.0)(vite@6.1.0))(svelte@5.20.0)(vite@6.1.0)
      debug: 4.4.0
      deepmerge: 4.3.1
      kleur: 4.1.5
      magic-string: 0.30.17
      svelte: 5.20.0
      vite: 6.1.0
      vitefu: 1.0.5(vite@6.1.0)
    transitivePeerDependencies:
      - supports-color

  '@threejs-kit/instanced-sprite-mesh@2.5.0(@types/three@0.173.0)(three@0.173.0)':
    dependencies:
      diet-sprite: 0.0.1
      earcut: 2.2.4
      maath: 0.10.8(@types/three@0.173.0)(three@0.173.0)
      three: 0.173.0
      three-instanced-uniforms-mesh: 0.52.0(three@0.173.0)
      troika-three-utils: 0.52.0(three@0.173.0)
    transitivePeerDependencies:
      - '@types/three'

  '@threlte/core@8.0.1(svelte@5.20.0)(three@0.173.0)':
    dependencies:
      mitt: 3.0.1
      svelte: 5.20.0
      three: 0.173.0

  '@threlte/extras@9.0.1(@types/three@0.173.0)(svelte@5.20.0)(three@0.173.0)':
    dependencies:
      '@threejs-kit/instanced-sprite-mesh': 2.5.0(@types/three@0.173.0)(three@0.173.0)
      camera-controls: 2.10.0(three@0.173.0)
      svelte: 5.20.0
      three: 0.173.0
      three-mesh-bvh: 0.7.6(three@0.173.0)
      three-perf: https://codeload.github.com/jerzakm/three-perf/tar.gz/322d7d38a17069f2b6e9734913edad0fc4a29169(three@0.173.0)
      three-viewport-gizmo: 2.0.2(three@0.173.0)
      troika-three-text: 0.50.3(three@0.173.0)
    transitivePeerDependencies:
      - '@types/three'

  '@tweenjs/tween.js@23.1.3': {}

  '@types/estree@1.0.6': {}

  '@types/stats.js@0.17.3': {}

  '@types/three@0.173.0':
    dependencies:
      '@tweenjs/tween.js': 23.1.3
      '@types/stats.js': 0.17.3
      '@types/webxr': 0.5.21
      '@webgpu/types': 0.1.54
      fflate: 0.8.2
      meshoptimizer: 0.18.1

  '@types/webxr@0.5.21': {}

  '@webgpu/types@0.1.54': {}

  acorn-typescript@1.4.13(acorn@8.14.0):
    dependencies:
      acorn: 8.14.0

  acorn@8.14.0: {}

  aria-query@5.3.2: {}

  axobject-query@4.1.0: {}

  bidi-js@1.0.3:
    dependencies:
      require-from-string: 2.0.2

  braces@3.0.3:
    dependencies:
      fill-range: 7.1.1

  camera-controls@2.10.0(three@0.173.0):
    dependencies:
      three: 0.173.0

  clsx@2.1.1: {}

  debug@4.4.0:
    dependencies:
      ms: 2.1.3

  deepmerge@4.3.1: {}

  diet-sprite@0.0.1: {}

  earcut@2.2.4: {}

  esbuild@0.24.2:
    optionalDependencies:
      '@esbuild/aix-ppc64': 0.24.2
      '@esbuild/android-arm': 0.24.2
      '@esbuild/android-arm64': 0.24.2
      '@esbuild/android-x64': 0.24.2
      '@esbuild/darwin-arm64': 0.24.2
      '@esbuild/darwin-x64': 0.24.2
      '@esbuild/freebsd-arm64': 0.24.2
      '@esbuild/freebsd-x64': 0.24.2
      '@esbuild/linux-arm': 0.24.2
      '@esbuild/linux-arm64': 0.24.2
      '@esbuild/linux-ia32': 0.24.2
      '@esbuild/linux-loong64': 0.24.2
      '@esbuild/linux-mips64el': 0.24.2
      '@esbuild/linux-ppc64': 0.24.2
      '@esbuild/linux-riscv64': 0.24.2
      '@esbuild/linux-s390x': 0.24.2
      '@esbuild/linux-x64': 0.24.2
      '@esbuild/netbsd-arm64': 0.24.2
      '@esbuild/netbsd-x64': 0.24.2
      '@esbuild/openbsd-arm64': 0.24.2
      '@esbuild/openbsd-x64': 0.24.2
      '@esbuild/sunos-x64': 0.24.2
      '@esbuild/win32-arm64': 0.24.2
      '@esbuild/win32-ia32': 0.24.2
      '@esbuild/win32-x64': 0.24.2

  esm-env@1.2.2: {}

  esrap@1.4.4:
    dependencies:
      '@jridgewell/sourcemap-codec': 1.5.0

  fflate@0.8.2: {}

  fill-range@7.1.1:
    dependencies:
      to-regex-range: 5.0.1

  fsevents@2.3.3:
    optional: true

  is-number@7.0.0: {}

  is-reference@3.0.3:
    dependencies:
      '@types/estree': 1.0.6

  kleur@4.1.5: {}

  locate-character@3.0.0: {}

  maath@0.10.8(@types/three@0.173.0)(three@0.173.0):
    dependencies:
      '@types/three': 0.173.0
      three: 0.173.0

  magic-string@0.30.17:
    dependencies:
      '@jridgewell/sourcemap-codec': 1.5.0

  meshoptimizer@0.18.1: {}

  micromatch@4.0.8:
    dependencies:
      braces: 3.0.3
      picomatch: 2.3.1

  mitt@3.0.1: {}

  ms@2.1.3: {}

  nanoid@3.3.8: {}

  picocolors@1.1.1: {}

  picomatch@2.3.1: {}

  postcss@8.5.2:
    dependencies:
      nanoid: 3.3.8
      picocolors: 1.1.1
      source-map-js: 1.2.1

  require-from-string@2.0.2: {}

  rollup@4.34.7:
    dependencies:
      '@types/estree': 1.0.6
    optionalDependencies:
      '@rollup/rollup-android-arm-eabi': 4.34.7
      '@rollup/rollup-android-arm64': 4.34.7
      '@rollup/rollup-darwin-arm64': 4.34.7
      '@rollup/rollup-darwin-x64': 4.34.7
      '@rollup/rollup-freebsd-arm64': 4.34.7
      '@rollup/rollup-freebsd-x64': 4.34.7
      '@rollup/rollup-linux-arm-gnueabihf': 4.34.7
      '@rollup/rollup-linux-arm-musleabihf': 4.34.7
      '@rollup/rollup-linux-arm64-gnu': 4.34.7
      '@rollup/rollup-linux-arm64-musl': 4.34.7
      '@rollup/rollup-linux-loongarch64-gnu': 4.34.7
      '@rollup/rollup-linux-powerpc64le-gnu': 4.34.7
      '@rollup/rollup-linux-riscv64-gnu': 4.34.7
      '@rollup/rollup-linux-s390x-gnu': 4.34.7
      '@rollup/rollup-linux-x64-gnu': 4.34.7
      '@rollup/rollup-linux-x64-musl': 4.34.7
      '@rollup/rollup-win32-arm64-msvc': 4.34.7
      '@rollup/rollup-win32-ia32-msvc': 4.34.7
      '@rollup/rollup-win32-x64-msvc': 4.34.7
      fsevents: 2.3.3

  source-map-js@1.2.1: {}

  svelte@5.20.0:
    dependencies:
      '@ampproject/remapping': 2.3.0
      '@jridgewell/sourcemap-codec': 1.5.0
      '@types/estree': 1.0.6
      acorn: 8.14.0
      acorn-typescript: 1.4.13(acorn@8.14.0)
      aria-query: 5.3.2
      axobject-query: 4.1.0
      clsx: 2.1.1
      esm-env: 1.2.2
      esrap: 1.4.4
      is-reference: 3.0.3
      locate-character: 3.0.0
      magic-string: 0.30.17
      zimmerframe: 1.1.2

  three-instanced-uniforms-mesh@0.52.0(three@0.173.0):
    dependencies:
      three: 0.173.0
      troika-three-utils: 0.52.0(three@0.173.0)

  three-mesh-bvh@0.7.6(three@0.173.0):
    dependencies:
      three: 0.173.0

  three-perf@https://codeload.github.com/jerzakm/three-perf/tar.gz/322d7d38a17069f2b6e9734913edad0fc4a29169(three@0.173.0):
    dependencies:
      three: 0.173.0
      troika-three-text: 0.52.3(three@0.173.0)
      tweakpane: 3.1.10

  three-viewport-gizmo@2.0.2(three@0.173.0):
    dependencies:
      three: 0.173.0

  three@0.173.0: {}

  to-regex-range@5.0.1:
    dependencies:
      is-number: 7.0.0

  troika-three-text@0.50.3(three@0.173.0):
    dependencies:
      bidi-js: 1.0.3
      three: 0.173.0
      troika-three-utils: 0.50.3(three@0.173.0)
      troika-worker-utils: 0.50.0
      webgl-sdf-generator: 1.1.1

  troika-three-text@0.52.3(three@0.173.0):
    dependencies:
      bidi-js: 1.0.3
      three: 0.173.0
      troika-three-utils: 0.52.0(three@0.173.0)
      troika-worker-utils: 0.52.0
      webgl-sdf-generator: 1.1.1

  troika-three-utils@0.50.3(three@0.173.0):
    dependencies:
      three: 0.173.0

  troika-three-utils@0.52.0(three@0.173.0):
    dependencies:
      three: 0.173.0

  troika-worker-utils@0.50.0: {}

  troika-worker-utils@0.52.0: {}

  tweakpane@3.1.10: {}

  vite-plugin-singlefile@2.1.0(rollup@4.34.7)(vite@6.1.0):
    dependencies:
      micromatch: 4.0.8
      rollup: 4.34.7
      vite: 6.1.0

  vite@6.1.0:
    dependencies:
      esbuild: 0.24.2
      postcss: 8.5.2
      rollup: 4.34.7
    optionalDependencies:
      fsevents: 2.3.3

  vitefu@1.0.5(vite@6.1.0):
    optionalDependencies:
      vite: 6.1.0

  webgl-sdf-generator@1.1.1: {}

  zimmerframe@1.1.2: {}
